
Microsoft Visual Studio Solution File, Format Version 12.00
# Visual Studio Version 16
VisualStudioVersion = 16.0.34031.81
MinimumVisualStudioVersion = 10.0.40219.1
Project("{8BC9CEB8-8B4A-11D0-8D11-00A0C91BC942}") = "Dream3D", "Dream3D\Dream3D.vcxproj", "{ABD4AAF6-4A49-40F3-BEEC-42A64187A440}"
EndProject
Project("{8BC9CEB8-8B4A-11D0-8D11-00A0C91BC942}") = "Dream3DTest", "Dream3DTest\Dream3DTest.vcxproj", "{E055FB21-8F71-4637-96A4-70E08E3CA1BB}"
	ProjectSection(ProjectDependencies) = postProject
		{ABD4AAF6-4A49-40F3-BEEC-42A64187A440} = {ABD4AAF6-4A49-40F3-BEEC-42A64187A440}
	EndProjectSection
EndProject
Global
	GlobalSection(SolutionConfigurationPlatforms) = preSolution
		Debug|Win32 = Debug|Win32
		Debug|x64 = Debug|x64
		Release|Win32 = Release|Win32
		Release|x64 = Release|x64
	EndGlobalSection
	GlobalSection(ProjectConfigurationPlatforms) = postSolution
		{ABD4AAF6-4A49-40F3-BEEC-42A64187A440}.Debug|Win32.ActiveCfg = Debug|Win32
		{ABD4AAF6-4A49-40F3-BEEC-42A64187A440}.Debug|Win32.Build.0 = Debug|Win32
		{ABD4AAF6-4A49-40F3-BEEC-42A64187A440}.Debug|x64.ActiveCfg = Debug|x64
		{ABD4AAF6-4A49-40F3-BEEC-42A64187A440}.Debug|x64.Build.0 = Debug|x64
		{ABD4AAF6-4A49-40F3-BEEC-42A64187A440}.Release|Win32.ActiveCfg = Release|Win32
		{ABD4AAF6-4A49-40F3-BEEC-42A64187A440}.Release|Win32.Build.0 = Release|Win32
		{ABD4AAF6-4A49-40F3-BEEC-42A64187A440}.Release|x64.ActiveCfg = Release|x64
		{ABD4AAF6-4A49-40F3-BEEC-42A64187A440}.Release|x64.Build.0 = Release|x64
		{E055FB21-8F71-4637-96A4-70E08E3CA1BB}.Debug|Win32.ActiveCfg = Debug|Win32
		{E055FB21-8F71-4637-96A4-70E08E3CA1BB}.Debug|Win32.Build.0 = Debug|Win32
		{E055FB21-8F71-4637-96A4-70E08E3CA1BB}.Debug|x64.ActiveCfg = Debug|x64
		{E055FB21-8F71-4637-96A4-70E08E3CA1BB}.Debug|x64.Build.0 = Debug|x64
		{E055FB21-8F71-4637-96A4-70E08E3CA1BB}.Release|Win32.ActiveCfg = Release|Win32
		{E055FB21-8F71-4637-96A4-70E08E3CA1BB}.Release|Win32.Build.0 = Release|Win32
		{E055FB21-8F71-4637-96A4-70E08E3CA1BB}.Release|x64.ActiveCfg = Release|x64
		{E055FB21-8F71-4637-96A4-70E08E3CA1BB}.Release|x64.Build.0 = Release|x64
	EndGlobalSection
	GlobalSection(SolutionProperties) = preSolution
		HideSolutionNode = FALSE
	EndGlobalSection
	GlobalSection(ExtensibilityGlobals) = postSolution
		SolutionGuid = {30EA778E-5A00-40DD-9E8F-A8126ED1135D}
	EndGlobalSection
EndGlobal
